
Microsoft Visual Studio Solution File, Format Version 12.00
# Visual Studio Version 18
VisualStudioVersion = 18.2.11415.280
MinimumVisualStudioVersion = 10.0.40219.1
Project("{FAE04EC0-301F-11D3-BF4B-00C04F79EFBC}") = "Samples", "Samples\Samples.csproj", "{7152EE89-C402-46BB-B3D1-B7A0C8514A0D}"
EndProject
Project("{FAE04EC0-301F-11D3-BF4B-00C04F79EFBC}") = "LecturerManager.DBModels", "LecturerManager.DBModels\LecturerManager.DBModels.csproj", "{3C44673C-D430-4515-A4B7-1A07CFD3297F}"
EndProject
Project("{FAE04EC0-301F-11D3-BF4B-00C04F79EFBC}") = "LecturerManager.Common", "LecturerManager.Common\LecturerManager.Common.csproj", "{9FF5AC53-D269-4FEA-A5C4-EBB6B209C40E}"
EndProject
Project("{FAE04EC0-301F-11D3-BF4B-00C04F79EFBC}") = "LecturerManager.UIModels", "LecturerManager.UIModels\LecturerManager.UIModels.csproj", "{0298DAF9-DAC6-4C63-BB0F-7A67E4A9ACCA}"
EndProject
Project("{FAE04EC0-301F-11D3-BF4B-00C04F79EFBC}") = "LecturerManager.Services", "LecturerManager.Services\LecturerManager.Services.csproj", "{7EC46C33-DF66-45F8-BEF3-A3AE80B9FC74}"
EndProject
Project("{FAE04EC0-301F-11D3-BF4B-00C04F79EFBC}") = "LecturerManagerConsoleApp", "LecturerManagerConsole\LecturerManagerConsoleApp.csproj", "{050602F4-0B20-41E3-9E7D-4A575DDD6FE4}"
EndProject
Project("{FAE04EC0-301F-11D3-BF4B-00C04F79EFBC}") = "LecturerManager", "LecturerManager\LecturerManager.csproj", "{97888475-2F96-4B1A-9077-694A01F391DD}"
EndProject
Project("{2150E333-8FDC-42A3-9474-1A3956D46DE8}") = "Solution Items", "Solution Items", "{5819BC0B-033E-486F-9385-88622C99E9E3}"
	ProjectSection(SolutionItems) = preProject
		.editorconfig = .editorconfig
	EndProjectSection
EndProject
Project("{FAE04EC0-301F-11D3-BF4B-00C04F79EFBC}") = "LecturerManager.Storage", "LecturerManager.Storage\LecturerManager.Storage.csproj", "{F03BC001-E84E-4A12-BC93-FD74F6490422}"
EndProject
Project("{FAE04EC0-301F-11D3-BF4B-00C04F79EFBC}") = "LecturerManager.Repositories", "LecturerManager.Repositories\LecturerManager.Repositories.csproj", "{2397733C-0CCE-47BE-9288-B32E29B805A2}"
EndProject
Project("{FAE04EC0-301F-11D3-BF4B-00C04F79EFBC}") = "LecturerManager.DTOModels", "LecturerManager.DTOModels\LecturerManager.DTOModels.csproj", "{7A349272-23AD-473C-905B-E96D1A24D7AC}"
EndProject
Global
	GlobalSection(SolutionConfigurationPlatforms) = preSolution
		Debug|Any CPU = Debug|Any CPU
		Release|Any CPU = Release|Any CPU
	EndGlobalSection
	GlobalSection(ProjectConfigurationPlatforms) = postSolution
		{7152EE89-C402-46BB-B3D1-B7A0C8514A0D}.Debug|Any CPU.ActiveCfg = Debug|Any CPU
		{7152EE89-C402-46BB-B3D1-B7A0C8514A0D}.Debug|Any CPU.Build.0 = Debug|Any CPU
		{7152EE89-C402-46BB-B3D1-B7A0C8514A0D}.Release|Any CPU.ActiveCfg = Release|Any CPU
		{7152EE89-C402-46BB-B3D1-B7A0C8514A0D}.Release|Any CPU.Build.0 = Release|Any CPU
		{3C44673C-D430-4515-A4B7-1A07CFD3297F}.Debug|Any CPU.ActiveCfg = Debug|Any CPU
		{3C44673C-D430-4515-A4B7-1A07CFD3297F}.Debug|Any CPU.Build.0 = Debug|Any CPU
		{3C44673C-D430-4515-A4B7-1A07CFD3297F}.Release|Any CPU.ActiveCfg = Release|Any CPU
		{3C44673C-D430-4515-A4B7-1A07CFD3297F}.Release|Any CPU.Build.0 = Release|Any CPU
		{9FF5AC53-D269-4FEA-A5C4-EBB6B209C40E}.Debug|Any CPU.ActiveCfg = Debug|Any CPU
		{9FF5AC53-D269-4FEA-A5C4-EBB6B209C40E}.Debug|Any CPU.Build.0 = Debug|Any CPU
		{9FF5AC53-D269-4FEA-A5C4-EBB6B209C40E}.Release|Any CPU.ActiveCfg = Release|Any CPU
		{9FF5AC53-D269-4FEA-A5C4-EBB6B209C40E}.Release|Any CPU.Build.0 = Release|Any CPU
		{0298DAF9-DAC6-4C63-BB0F-7A67E4A9ACCA}.Debug|Any CPU.ActiveCfg = Debug|Any CPU
		{0298DAF9-DAC6-4C63-BB0F-7A67E4A9ACCA}.Debug|Any CPU.Build.0 = Debug|Any CPU
		{0298DAF9-DAC6-4C63-BB0F-7A67E4A9ACCA}.Release|Any CPU.ActiveCfg = Release|Any CPU
		{0298DAF9-DAC6-4C63-BB0F-7A67E4A9ACCA}.Release|Any CPU.Build.0 = Release|Any CPU
		{7EC46C33-DF66-45F8-BEF3-A3AE80B9FC74}.Debug|Any CPU.ActiveCfg = Debug|Any CPU
		{7EC46C33-DF66-45F8-BEF3-A3AE80B9FC74}.Debug|Any CPU.Build.0 = Debug|Any CPU
		{7EC46C33-DF66-45F8-BEF3-A3AE80B9FC74}.Release|Any CPU.ActiveCfg = Release|Any CPU
		{7EC46C33-DF66-45F8-BEF3-A3AE80B9FC74}.Release|Any CPU.Build.0 = Release|Any CPU
		{050602F4-0B20-41E3-9E7D-4A575DDD6FE4}.Debug|Any CPU.ActiveCfg = Debug|Any CPU
		{050602F4-0B20-41E3-9E7D-4A575DDD6FE4}.Debug|Any CPU.Build.0 = Debug|Any CPU
		{050602F4-0B20-41E3-9E7D-4A575DDD6FE4}.Release|Any CPU.ActiveCfg = Release|Any CPU
		{050602F4-0B20-41E3-9E7D-4A575DDD6FE4}.Release|Any CPU.Build.0 = Release|Any CPU
		{97888475-2F96-4B1A-9077-694A01F391DD}.Debug|Any CPU.ActiveCfg = Debug|Any CPU
		{97888475-2F96-4B1A-9077-694A01F391DD}.Debug|Any CPU.Build.0 = Debug|Any CPU
		{97888475-2F96-4B1A-9077-694A01F391DD}.Debug|Any CPU.Deploy.0 = Debug|Any CPU
		{97888475-2F96-4B1A-9077-694A01F391DD}.Release|Any CPU.ActiveCfg = Release|Any CPU
		{97888475-2F96-4B1A-9077-694A01F391DD}.Release|Any CPU.Build.0 = Release|Any CPU
		{F03BC001-E84E-4A12-BC93-FD74F6490422}.Debug|Any CPU.ActiveCfg = Debug|Any CPU
		{F03BC001-E84E-4A12-BC93-FD74F6490422}.Debug|Any CPU.Build.0 = Debug|Any CPU
		{F03BC001-E84E-4A12-BC93-FD74F6490422}.Release|Any CPU.ActiveCfg = Release|Any CPU
		{F03BC001-E84E-4A12-BC93-FD74F6490422}.Release|Any CPU.Build.0 = Release|Any CPU
		{2397733C-0CCE-47BE-9288-B32E29B805A2}.Debug|Any CPU.ActiveCfg = Debug|Any CPU
		{2397733C-0CCE-47BE-9288-B32E29B805A2}.Debug|Any CPU.Build.0 = Debug|Any CPU
		{2397733C-0CCE-47BE-9288-B32E29B805A2}.Release|Any CPU.ActiveCfg = Release|Any CPU
		{2397733C-0CCE-47BE-9288-B32E29B805A2}.Release|Any CPU.Build.0 = Release|Any CPU
		{7A349272-23AD-473C-905B-E96D1A24D7AC}.Debug|Any CPU.ActiveCfg = Debug|Any CPU
		{7A349272-23AD-473C-905B-E96D1A24D7AC}.Debug|Any CPU.Build.0 = Debug|Any CPU
		{7A349272-23AD-473C-905B-E96D1A24D7AC}.Release|Any CPU.ActiveCfg = Release|Any CPU
		{7A349272-23AD-473C-905B-E96D1A24D7AC}.Release|Any CPU.Build.0 = Release|Any CPU
	EndGlobalSection
	GlobalSection(SolutionProperties) = preSolution
		HideSolutionNode = FALSE
	EndGlobalSection
	GlobalSection(ExtensibilityGlobals) = postSolution
		SolutionGuid = {1BC5F737-DFD5-4591-8F40-9DEAC97802E9}
	EndGlobalSection
EndGlobal
